
Microsoft Visual Studio Solution File, Format Version 12.00
# Visual Studio Version 16
VisualStudioVersion = 16.0.31729.503
MinimumVisualStudioVersion = 10.0.40219.1
Project("{FAE04EC0-301F-11D3-BF4B-00C04F79EFBC}") = "lexi", "lexi\lexi.csproj", "{CF919649-0467-423E-A6E1-178D0BD16963}"
EndProject
Project("{FAE04EC0-301F-11D3-BF4B-00C04F79EFBC}") = "LexiBrowser", "..\LexiBrowser\LexiBrowser\LexiBrowser.csproj", "{C0931415-C0CF-44D0-AC43-DC84BE098ECB}"
EndProject
Global
	GlobalSection(SolutionConfigurationPlatforms) = preSolution
		Debug|Any CPU = Debug|Any CPU
		Release|Any CPU = Release|Any CPU
	EndGlobalSection
	GlobalSection(ProjectConfigurationPlatforms) = postSolution
		{CF919649-0467-423E-A6E1-178D0BD16963}.Debug|Any CPU.ActiveCfg = Debug|Any CPU
		{CF919649-0467-423E-A6E1-178D0BD16963}.Debug|Any CPU.Build.0 = Debug|Any CPU
		{CF919649-0467-423E-A6E1-178D0BD16963}.Release|Any CPU.ActiveCfg = Release|Any CPU
		{CF919649-0467-423E-A6E1-178D0BD16963}.Release|Any CPU.Build.0 = Release|Any CPU
		{C0931415-C0CF-44D0-AC43-DC84BE098ECB}.Debug|Any CPU.ActiveCfg = Debug|Any CPU
		{C0931415-C0CF-44D0-AC43-DC84BE098ECB}.Debug|Any CPU.Build.0 = Debug|Any CPU
		{C0931415-C0CF-44D0-AC43-DC84BE098ECB}.Release|Any CPU.ActiveCfg = Release|Any CPU
		{C0931415-C0CF-44D0-AC43-DC84BE098ECB}.Release|Any CPU.Build.0 = Release|Any CPU
	EndGlobalSection
	GlobalSection(SolutionProperties) = preSolution
		HideSolutionNode = FALSE
	EndGlobalSection
	GlobalSection(ExtensibilityGlobals) = postSolution
		SolutionGuid = {429990C6-06E4-41E7-9E41-2AC5728C5CBD}
	EndGlobalSection
EndGlobal
